
Microsoft Visual Studio Solution File, Format Version 12.00
# Visual Studio 15
VisualStudioVersion = 15.0.28010.2026
MinimumVisualStudioVersion = 10.0.40219.1
Project("{9A19103F-16F7-4668-BE54-9A1E7A4F7556}") = "WingsOn.Dal", "WingsOn.Dal\WingsOn.Dal.csproj", "{C1F9C43A-DBED-479A-8E24-9A13ADCBB973}"
EndProject
Project("{9A19103F-16F7-4668-BE54-9A1E7A4F7556}") = "WingsOn.Domain", "WingsOn.Domain\WingsOn.Domain.csproj", "{CFA270EA-8C2E-4BDB-BB0C-974556ACB2ED}"
EndProject
Project("{9A19103F-16F7-4668-BE54-9A1E7A4F7556}") = "WingsOn.Api", "WingsOn.Api\WingsOn.Api.csproj", "{1F2750A8-ABDA-41DB-A549-A4C2BAB02489}"
EndProject
Project("{9A19103F-16F7-4668-BE54-9A1E7A4F7556}") = "WingsOn.Api.Tests", "WingsOn.Api.Tests\WingsOn.Api.Tests.csproj", "{7D5FF500-C8FF-4B8B-A2D3-822A9833FAD9}"
EndProject
Project("{9A19103F-16F7-4668-BE54-9A1E7A4F7556}") = "WingsOn.Api.IntegrationXTests", "WingsOn.Api.IntegrationXTests\WingsOn.Api.IntegrationXTests.csproj", "{A3EAC28F-5637-4FE5-B5BD-E611DBA27E3E}"
EndProject
Global
	GlobalSection(SolutionConfigurationPlatforms) = preSolution
		Debug|Any CPU = Debug|Any CPU
		Release|Any CPU = Release|Any CPU
	EndGlobalSection
	GlobalSection(ProjectConfigurationPlatforms) = postSolution
		{C1F9C43A-DBED-479A-8E24-9A13ADCBB973}.Debug|Any CPU.ActiveCfg = Debug|Any CPU
		{C1F9C43A-DBED-479A-8E24-9A13ADCBB973}.Debug|Any CPU.Build.0 = Debug|Any CPU
		{C1F9C43A-DBED-479A-8E24-9A13ADCBB973}.Release|Any CPU.ActiveCfg = Release|Any CPU
		{C1F9C43A-DBED-479A-8E24-9A13ADCBB973}.Release|Any CPU.Build.0 = Release|Any CPU
		{CFA270EA-8C2E-4BDB-BB0C-974556ACB2ED}.Debug|Any CPU.ActiveCfg = Debug|Any CPU
		{CFA270EA-8C2E-4BDB-BB0C-974556ACB2ED}.Debug|Any CPU.Build.0 = Debug|Any CPU
		{CFA270EA-8C2E-4BDB-BB0C-974556ACB2ED}.Release|Any CPU.ActiveCfg = Release|Any CPU
		{CFA270EA-8C2E-4BDB-BB0C-974556ACB2ED}.Release|Any CPU.Build.0 = Release|Any CPU
		{1F2750A8-ABDA-41DB-A549-A4C2BAB02489}.Debug|Any CPU.ActiveCfg = Debug|Any CPU
		{1F2750A8-ABDA-41DB-A549-A4C2BAB02489}.Debug|Any CPU.Build.0 = Debug|Any CPU
		{1F2750A8-ABDA-41DB-A549-A4C2BAB02489}.Release|Any CPU.ActiveCfg = Release|Any CPU
		{1F2750A8-ABDA-41DB-A549-A4C2BAB02489}.Release|Any CPU.Build.0 = Release|Any CPU
		{7D5FF500-C8FF-4B8B-A2D3-822A9833FAD9}.Debug|Any CPU.ActiveCfg = Debug|Any CPU
		{7D5FF500-C8FF-4B8B-A2D3-822A9833FAD9}.Debug|Any CPU.Build.0 = Debug|Any CPU
		{7D5FF500-C8FF-4B8B-A2D3-822A9833FAD9}.Release|Any CPU.ActiveCfg = Release|Any CPU
		{7D5FF500-C8FF-4B8B-A2D3-822A9833FAD9}.Release|Any CPU.Build.0 = Release|Any CPU
		{A3EAC28F-5637-4FE5-B5BD-E611DBA27E3E}.Debug|Any CPU.ActiveCfg = Debug|Any CPU
		{A3EAC28F-5637-4FE5-B5BD-E611DBA27E3E}.Debug|Any CPU.Build.0 = Debug|Any CPU
		{A3EAC28F-5637-4FE5-B5BD-E611DBA27E3E}.Release|Any CPU.ActiveCfg = Release|Any CPU
		{A3EAC28F-5637-4FE5-B5BD-E611DBA27E3E}.Release|Any CPU.Build.0 = Release|Any CPU
	EndGlobalSection
	GlobalSection(SolutionProperties) = preSolution
		HideSolutionNode = FALSE
	EndGlobalSection
	GlobalSection(ExtensibilityGlobals) = postSolution
		SolutionGuid = {B0DA6CE0-6314-4645-BF9B-6921F19BBB2C}
	EndGlobalSection
EndGlobal
